<?xml version="1.0" encoding="utf-8"?>
<Project ToolsVersion="4.0" xmlns="http://schemas.microsoft.com/developer/msbuild/2003">
  <ItemGroup>
    <Filter Include="源文件">
      <UniqueIdentifier>{4FC737F1-C7A5-4376-A066-2A32D752A2FF}</UniqueIdentifier>
      <Extensions>cpp;c;cc;cxx;c++;cppm;ixx;def;odl;idl;hpj;bat;asm;asmx</Extensions>
    </Filter>
    <Filter Include="头文件">
      <UniqueIdentifier>{93995380-89BD-4b04-88EB-625FBE52EBFB}</UniqueIdentifier>
      <Extensions>h;hh;hpp;hxx;h++;hm;inl;inc;ipp;xsd</Extensions>
    </Filter>
    <Filter Include="资源文件">
      <UniqueIdentifier>{67DA6AB6-F800-4c08-8B7A-83BB121AAD01}</UniqueIdentifier>
      <Extensions>rc;ico;cur;bmp;dlg;rc2;rct;bin;rgs;gif;jpg;jpeg;jpe;resx;tiff;tif;png;wav;mfcribbon-ms</Extensions>
    </Filter>
  </ItemGroup>
  <ItemGroup>
    <ClCompile Include="code01_结构体成员使用.c">
      <Filter>源文件</Filter>
    </ClCompile>
    <ClCompile Include="code02_结构体数组.c">
      <Filter>源文件</Filter>
    </ClCompile>
    <ClCompile Include="code00_结构体变量定义与初始化.c">
      <Filter>源文件</Filter>
    </ClCompile>
    <ClCompile Include="code03结构体嵌套.c">
      <Filter>源文件</Filter>
    </ClCompile>
    <ClCompile Include="code04结构体赋值.c">
      <Filter>源文件</Filter>
    </ClCompile>
    <ClCompile Include="code0501结构体指针.c">
      <Filter>源文件</Filter>
    </ClCompile>
    <ClCompile Include="code0502结构体与指针.c">
      <Filter>源文件</Filter>
    </ClCompile>
    <ClCompile Include="code0503结构体与指针.c">
      <Filter>源文件</Filter>
    </ClCompile>
    <ClCompile Include="code0601结构体作为函数参数.c">
      <Filter>源文件</Filter>
    </ClCompile>
    <ClCompile Include="code07共用体使用.c">
      <Filter>源文件</Filter>
    </ClCompile>
    <ClCompile Include="code08枚举的使用.c">
      <Filter>源文件</Filter>
    </ClCompile>
    <ClCompile Include="code09tydedef使用.c">
      <Filter>源文件</Filter>
    </ClCompile>
  </ItemGroup>
</Project>